
Microsoft Visual Studio Solution File, Format Version 12.00
# Visual Studio 15
Project("{FAE04EC0-301F-11D3-BF4B-00C04F79EFBC}") = "Meadow.Sdks.IdeExtensions.Vs4Mac", "VS4Mac_Meadow_Extension\Meadow.Sdks.IdeExtensions.Vs4Mac.csproj", "{4FBEB36B-5F1F-440D-B801-F67EF9B9F846}"
EndProject
Project("{2150E333-8FDC-42A3-9474-1A3956D46DE8}") = "Externals", "Externals", "{C173D4A6-157A-4E40-AB96-C4A7BB8499DE}"
EndProject
Project("{2150E333-8FDC-42A3-9474-1A3956D46DE8}") = "Solution Items", "Solution Items", "{C33F0F2D-7C89-4E21-B399-29097966FF19}"
	ProjectSection(SolutionItems) = preProject
		..\Meadow_DotNet_SDK\Directory.Build.props = ..\Meadow_DotNet_SDK\Directory.Build.props
	EndProjectSection
EndProject
Global
	GlobalSection(SolutionConfigurationPlatforms) = preSolution
		Debug|Any CPU = Debug|Any CPU
		Release|Any CPU = Release|Any CPU
	EndGlobalSection
	GlobalSection(ProjectConfigurationPlatforms) = postSolution
		{4FBEB36B-5F1F-440D-B801-F67EF9B9F846}.Debug|Any CPU.ActiveCfg = Debug|Any CPU
		{4FBEB36B-5F1F-440D-B801-F67EF9B9F846}.Debug|Any CPU.Build.0 = Debug|Any CPU
		{4FBEB36B-5F1F-440D-B801-F67EF9B9F846}.Release|Any CPU.ActiveCfg = Release|Any CPU
		{4FBEB36B-5F1F-440D-B801-F67EF9B9F846}.Release|Any CPU.Build.0 = Release|Any CPU
	EndGlobalSection
	GlobalSection(NestedProjects) = preSolution
	EndGlobalSection
EndGlobal
