
Microsoft Visual Studio Solution File, Format Version 12.00
# Visual Studio 15
Project("{FAE04EC0-301F-11D3-BF4B-00C04F79EFBC}") = "Meadow.Sdks.IdeExtensions.Vs4Mac", "VS4Mac_Meadow_Extension\Meadow.Sdks.IdeExtensions.Vs4Mac.csproj", "{4FBEB36B-5F1F-440D-B801-F67EF9B9F846}"
EndProject
Project("{2150E333-8FDC-42A3-9474-1A3956D46DE8}") = "Externals", "Externals", "{C173D4A6-157A-4E40-AB96-C4A7BB8499DE}"
EndProject
Project("{2150E333-8FDC-42A3-9474-1A3956D46DE8}") = "Solution Items", "Solution Items", "{C33F0F2D-7C89-4E21-B399-29097966FF19}"
EndProject
Project("{FAE04EC0-301F-11D3-BF4B-00C04F79EFBC}") = "Meadow.CLI.Core", "..\Meadow.CLI\Meadow.CLI.Core\Meadow.CLI.Core.csproj", "{00F05278-9F3F-40B0-B377-64E26B028888}"
EndProject
Project("{FAE04EC0-301F-11D3-BF4B-00C04F79EFBC}") = "SimpleDeploy", "SimpleDeploy\SimpleDeploy.csproj", "{8D2440C8-A1CD-47AA-B466-15CDD138D29B}"
EndProject
Project("{2150E333-8FDC-42A3-9474-1A3956D46DE8}") = "Debugger", "Debugger", "{6C0D2ABD-227D-4970-8BCA-A61811557684}"
EndProject
Project("{FAE04EC0-301F-11D3-BF4B-00C04F79EFBC}") = "ICSharpCode.NRefactory", "external\NRefactory\ICSharpCode.NRefactory\ICSharpCode.NRefactory.csproj", "{3B2A5653-EC97-4001-BB9B-D90F1AF2C371}"
EndProject
Project("{FAE04EC0-301F-11D3-BF4B-00C04F79EFBC}") = "ICSharpCode.NRefactory.CSharp", "external\NRefactory\ICSharpCode.NRefactory.CSharp\ICSharpCode.NRefactory.CSharp.csproj", "{53DCA265-3C3C-42F9-B647-F72BA678122B}"
EndProject
Project("{FAE04EC0-301F-11D3-BF4B-00C04F79EFBC}") = "Mono.Debugging", "external\debugger-libs\Mono.Debugging\Mono.Debugging.csproj", "{05249CC8-619F-49FF-A824-12648B9FBE35}"
EndProject
Project("{FAE04EC0-301F-11D3-BF4B-00C04F79EFBC}") = "Mono.Debugger.Soft", "external\debugger-libs\Mono.Debugger.Soft\Mono.Debugger.Soft.csproj", "{4DAFE180-13E0-461F-9D41-4AEC583D9E48}"
EndProject
Project("{FAE04EC0-301F-11D3-BF4B-00C04F79EFBC}") = "Mono.Debugging.Soft", "external\debugger-libs\Mono.Debugging.Soft\Mono.Debugging.Soft.csproj", "{BD693068-A14C-4E8B-9AEE-4EC2F0BB222C}"
EndProject
Global
	GlobalSection(SolutionConfigurationPlatforms) = preSolution
		Debug|Any CPU = Debug|Any CPU
		Release|Any CPU = Release|Any CPU
		net_4_5_Debug|Any CPU = net_4_5_Debug|Any CPU
		net_4_5_Release|Any CPU = net_4_5_Release|Any CPU
	EndGlobalSection
	GlobalSection(ProjectConfigurationPlatforms) = postSolution
		{4FBEB36B-5F1F-440D-B801-F67EF9B9F846}.Debug|Any CPU.ActiveCfg = Debug|Any CPU
		{4FBEB36B-5F1F-440D-B801-F67EF9B9F846}.Debug|Any CPU.Build.0 = Debug|Any CPU
		{4FBEB36B-5F1F-440D-B801-F67EF9B9F846}.Release|Any CPU.ActiveCfg = Release|Any CPU
		{4FBEB36B-5F1F-440D-B801-F67EF9B9F846}.Release|Any CPU.Build.0 = Release|Any CPU
		{4FBEB36B-5F1F-440D-B801-F67EF9B9F846}.net_4_5_Debug|Any CPU.ActiveCfg = Debug|Any CPU
		{4FBEB36B-5F1F-440D-B801-F67EF9B9F846}.net_4_5_Debug|Any CPU.Build.0 = Debug|Any CPU
		{4FBEB36B-5F1F-440D-B801-F67EF9B9F846}.net_4_5_Release|Any CPU.ActiveCfg = Debug|Any CPU
		{4FBEB36B-5F1F-440D-B801-F67EF9B9F846}.net_4_5_Release|Any CPU.Build.0 = Debug|Any CPU
		{00F05278-9F3F-40B0-B377-64E26B028888}.Debug|Any CPU.ActiveCfg = Debug|Any CPU
		{00F05278-9F3F-40B0-B377-64E26B028888}.Debug|Any CPU.Build.0 = Debug|Any CPU
		{00F05278-9F3F-40B0-B377-64E26B028888}.Release|Any CPU.ActiveCfg = Release|Any CPU
		{00F05278-9F3F-40B0-B377-64E26B028888}.Release|Any CPU.Build.0 = Release|Any CPU
		{00F05278-9F3F-40B0-B377-64E26B028888}.net_4_5_Debug|Any CPU.ActiveCfg = Debug|Any CPU
		{00F05278-9F3F-40B0-B377-64E26B028888}.net_4_5_Debug|Any CPU.Build.0 = Debug|Any CPU
		{00F05278-9F3F-40B0-B377-64E26B028888}.net_4_5_Release|Any CPU.ActiveCfg = Debug|Any CPU
		{00F05278-9F3F-40B0-B377-64E26B028888}.net_4_5_Release|Any CPU.Build.0 = Debug|Any CPU
		{8D2440C8-A1CD-47AA-B466-15CDD138D29B}.Debug|Any CPU.ActiveCfg = Debug|Any CPU
		{8D2440C8-A1CD-47AA-B466-15CDD138D29B}.Debug|Any CPU.Build.0 = Debug|Any CPU
		{8D2440C8-A1CD-47AA-B466-15CDD138D29B}.Release|Any CPU.ActiveCfg = Release|Any CPU
		{8D2440C8-A1CD-47AA-B466-15CDD138D29B}.Release|Any CPU.Build.0 = Release|Any CPU
		{8D2440C8-A1CD-47AA-B466-15CDD138D29B}.net_4_5_Debug|Any CPU.ActiveCfg = Debug|Any CPU
		{8D2440C8-A1CD-47AA-B466-15CDD138D29B}.net_4_5_Debug|Any CPU.Build.0 = Debug|Any CPU
		{8D2440C8-A1CD-47AA-B466-15CDD138D29B}.net_4_5_Release|Any CPU.ActiveCfg = Debug|Any CPU
		{8D2440C8-A1CD-47AA-B466-15CDD138D29B}.net_4_5_Release|Any CPU.Build.0 = Debug|Any CPU
		{3B2A5653-EC97-4001-BB9B-D90F1AF2C371}.Debug|Any CPU.ActiveCfg = Debug|Any CPU
		{3B2A5653-EC97-4001-BB9B-D90F1AF2C371}.Debug|Any CPU.Build.0 = Debug|Any CPU
		{3B2A5653-EC97-4001-BB9B-D90F1AF2C371}.Release|Any CPU.ActiveCfg = Release|Any CPU
		{3B2A5653-EC97-4001-BB9B-D90F1AF2C371}.Release|Any CPU.Build.0 = Release|Any CPU
		{3B2A5653-EC97-4001-BB9B-D90F1AF2C371}.net_4_5_Debug|Any CPU.ActiveCfg = net_4_5_Debug|Any CPU
		{3B2A5653-EC97-4001-BB9B-D90F1AF2C371}.net_4_5_Debug|Any CPU.Build.0 = net_4_5_Debug|Any CPU
		{3B2A5653-EC97-4001-BB9B-D90F1AF2C371}.net_4_5_Release|Any CPU.ActiveCfg = net_4_5_Release|Any CPU
		{3B2A5653-EC97-4001-BB9B-D90F1AF2C371}.net_4_5_Release|Any CPU.Build.0 = net_4_5_Release|Any CPU
		{53DCA265-3C3C-42F9-B647-F72BA678122B}.Debug|Any CPU.ActiveCfg = Debug|Any CPU
		{53DCA265-3C3C-42F9-B647-F72BA678122B}.Debug|Any CPU.Build.0 = Debug|Any CPU
		{53DCA265-3C3C-42F9-B647-F72BA678122B}.Release|Any CPU.ActiveCfg = Release|Any CPU
		{53DCA265-3C3C-42F9-B647-F72BA678122B}.Release|Any CPU.Build.0 = Release|Any CPU
		{53DCA265-3C3C-42F9-B647-F72BA678122B}.net_4_5_Debug|Any CPU.ActiveCfg = net_4_5_Debug|Any CPU
		{53DCA265-3C3C-42F9-B647-F72BA678122B}.net_4_5_Debug|Any CPU.Build.0 = net_4_5_Debug|Any CPU
		{53DCA265-3C3C-42F9-B647-F72BA678122B}.net_4_5_Release|Any CPU.ActiveCfg = net_4_5_Release|Any CPU
		{53DCA265-3C3C-42F9-B647-F72BA678122B}.net_4_5_Release|Any CPU.Build.0 = net_4_5_Release|Any CPU
		{05249CC8-619F-49FF-A824-12648B9FBE35}.Debug|Any CPU.ActiveCfg = Debug|Any CPU
		{05249CC8-619F-49FF-A824-12648B9FBE35}.Debug|Any CPU.Build.0 = Debug|Any CPU
		{05249CC8-619F-49FF-A824-12648B9FBE35}.Release|Any CPU.ActiveCfg = Release|Any CPU
		{05249CC8-619F-49FF-A824-12648B9FBE35}.Release|Any CPU.Build.0 = Release|Any CPU
		{05249CC8-619F-49FF-A824-12648B9FBE35}.net_4_5_Debug|Any CPU.ActiveCfg = Debug|Any CPU
		{05249CC8-619F-49FF-A824-12648B9FBE35}.net_4_5_Debug|Any CPU.Build.0 = Debug|Any CPU
		{05249CC8-619F-49FF-A824-12648B9FBE35}.net_4_5_Release|Any CPU.ActiveCfg = Debug|Any CPU
		{05249CC8-619F-49FF-A824-12648B9FBE35}.net_4_5_Release|Any CPU.Build.0 = Debug|Any CPU
		{4DAFE180-13E0-461F-9D41-4AEC583D9E48}.Debug|Any CPU.ActiveCfg = Debug|Any CPU
		{4DAFE180-13E0-461F-9D41-4AEC583D9E48}.Debug|Any CPU.Build.0 = Debug|Any CPU
		{4DAFE180-13E0-461F-9D41-4AEC583D9E48}.Release|Any CPU.ActiveCfg = Release|Any CPU
		{4DAFE180-13E0-461F-9D41-4AEC583D9E48}.Release|Any CPU.Build.0 = Release|Any CPU
		{4DAFE180-13E0-461F-9D41-4AEC583D9E48}.net_4_5_Debug|Any CPU.ActiveCfg = Debug|Any CPU
		{4DAFE180-13E0-461F-9D41-4AEC583D9E48}.net_4_5_Debug|Any CPU.Build.0 = Debug|Any CPU
		{4DAFE180-13E0-461F-9D41-4AEC583D9E48}.net_4_5_Release|Any CPU.ActiveCfg = Debug|Any CPU
		{4DAFE180-13E0-461F-9D41-4AEC583D9E48}.net_4_5_Release|Any CPU.Build.0 = Debug|Any CPU
		{BD693068-A14C-4E8B-9AEE-4EC2F0BB222C}.Debug|Any CPU.ActiveCfg = Debug|Any CPU
		{BD693068-A14C-4E8B-9AEE-4EC2F0BB222C}.Debug|Any CPU.Build.0 = Debug|Any CPU
		{BD693068-A14C-4E8B-9AEE-4EC2F0BB222C}.Release|Any CPU.ActiveCfg = Release|Any CPU
		{BD693068-A14C-4E8B-9AEE-4EC2F0BB222C}.Release|Any CPU.Build.0 = Release|Any CPU
		{BD693068-A14C-4E8B-9AEE-4EC2F0BB222C}.net_4_5_Debug|Any CPU.ActiveCfg = Debug|Any CPU
		{BD693068-A14C-4E8B-9AEE-4EC2F0BB222C}.net_4_5_Debug|Any CPU.Build.0 = Debug|Any CPU
		{BD693068-A14C-4E8B-9AEE-4EC2F0BB222C}.net_4_5_Release|Any CPU.ActiveCfg = Debug|Any CPU
		{BD693068-A14C-4E8B-9AEE-4EC2F0BB222C}.net_4_5_Release|Any CPU.Build.0 = Debug|Any CPU
	EndGlobalSection
	GlobalSection(NestedProjects) = preSolution
		{00F05278-9F3F-40B0-B377-64E26B028888} = {C173D4A6-157A-4E40-AB96-C4A7BB8499DE}
		{6C0D2ABD-227D-4970-8BCA-A61811557684} = {C173D4A6-157A-4E40-AB96-C4A7BB8499DE}
		{3B2A5653-EC97-4001-BB9B-D90F1AF2C371} = {6C0D2ABD-227D-4970-8BCA-A61811557684}
		{53DCA265-3C3C-42F9-B647-F72BA678122B} = {6C0D2ABD-227D-4970-8BCA-A61811557684}
		{05249CC8-619F-49FF-A824-12648B9FBE35} = {6C0D2ABD-227D-4970-8BCA-A61811557684}
		{4DAFE180-13E0-461F-9D41-4AEC583D9E48} = {6C0D2ABD-227D-4970-8BCA-A61811557684}
		{BD693068-A14C-4E8B-9AEE-4EC2F0BB222C} = {6C0D2ABD-227D-4970-8BCA-A61811557684}
	EndGlobalSection
EndGlobal
