
Microsoft Visual Studio Solution File, Format Version 12.00
# Visual Studio 15
Project("{FAE04EC0-301F-11D3-BF4B-00C04F79EFBC}") = "Meadow.Sdks.IdeExtensions.Vs4Mac", "VS4Mac_Meadow_Extension\Meadow.Sdks.IdeExtensions.Vs4Mac.csproj", "{4FBEB36B-5F1F-440D-B801-F67EF9B9F846}"
EndProject
Project("{2150E333-8FDC-42A3-9474-1A3956D46DE8}") = "Externals", "Externals", "{C173D4A6-157A-4E40-AB96-C4A7BB8499DE}"
EndProject
Project("{2150E333-8FDC-42A3-9474-1A3956D46DE8}") = "Solution Items", "Solution Items", "{C33F0F2D-7C89-4E21-B399-29097966FF19}"
EndProject
Project("{FAE04EC0-301F-11D3-BF4B-00C04F79EFBC}") = "Meadow.CLI.Core", "..\Meadow.CLI\Meadow.CLI.Core\Meadow.CLI.Core.csproj", "{00F05278-9F3F-40B0-B377-64E26B028888}"
EndProject
Project("{FAE04EC0-301F-11D3-BF4B-00C04F79EFBC}") = "SimpleDeploy", "SimpleDeploy\SimpleDeploy.csproj", "{8D2440C8-A1CD-47AA-B466-15CDD138D29B}"
EndProject
Global
	GlobalSection(SolutionConfigurationPlatforms) = preSolution
		Debug|Any CPU = Debug|Any CPU
		Release|Any CPU = Release|Any CPU
		Debug x64|x64 = Debug x64|x64
		Debug x86|x86 = Debug x86|x86
		Release x64|x64 = Release x64|x64
		Release x86|x86 = Release x86|x86
	EndGlobalSection
	GlobalSection(ProjectConfigurationPlatforms) = postSolution
		{4FBEB36B-5F1F-440D-B801-F67EF9B9F846}.Debug|Any CPU.ActiveCfg = Debug|Any CPU
		{4FBEB36B-5F1F-440D-B801-F67EF9B9F846}.Debug|Any CPU.Build.0 = Debug|Any CPU
		{4FBEB36B-5F1F-440D-B801-F67EF9B9F846}.Release|Any CPU.ActiveCfg = Release|Any CPU
		{4FBEB36B-5F1F-440D-B801-F67EF9B9F846}.Release|Any CPU.Build.0 = Release|Any CPU
		{4FBEB36B-5F1F-440D-B801-F67EF9B9F846}.Debug x64|x64.ActiveCfg = Debug x64|Any CPU
		{4FBEB36B-5F1F-440D-B801-F67EF9B9F846}.Debug x64|x64.Build.0 = Debug x64|Any CPU
		{4FBEB36B-5F1F-440D-B801-F67EF9B9F846}.Debug x86|x86.ActiveCfg = Debug x86|Any CPU
		{4FBEB36B-5F1F-440D-B801-F67EF9B9F846}.Debug x86|x86.Build.0 = Debug x86|Any CPU
		{4FBEB36B-5F1F-440D-B801-F67EF9B9F846}.Release x64|x64.ActiveCfg = Release x64|Any CPU
		{4FBEB36B-5F1F-440D-B801-F67EF9B9F846}.Release x64|x64.Build.0 = Release x64|Any CPU
		{4FBEB36B-5F1F-440D-B801-F67EF9B9F846}.Release x86|x86.ActiveCfg = Release x86|Any CPU
		{4FBEB36B-5F1F-440D-B801-F67EF9B9F846}.Release x86|x86.Build.0 = Release x86|Any CPU
		{00F05278-9F3F-40B0-B377-64E26B028888}.Debug|Any CPU.ActiveCfg = Debug|Any CPU
		{00F05278-9F3F-40B0-B377-64E26B028888}.Debug|Any CPU.Build.0 = Debug|Any CPU
		{00F05278-9F3F-40B0-B377-64E26B028888}.Release|Any CPU.ActiveCfg = Release|Any CPU
		{00F05278-9F3F-40B0-B377-64E26B028888}.Release|Any CPU.Build.0 = Release|Any CPU
		{00F05278-9F3F-40B0-B377-64E26B028888}.Debug x64|x64.ActiveCfg = Debug|x64
		{00F05278-9F3F-40B0-B377-64E26B028888}.Debug x64|x64.Build.0 = Debug|x64
		{00F05278-9F3F-40B0-B377-64E26B028888}.Debug x86|x86.ActiveCfg = Debug|x86
		{00F05278-9F3F-40B0-B377-64E26B028888}.Debug x86|x86.Build.0 = Debug|x86
		{00F05278-9F3F-40B0-B377-64E26B028888}.Release x64|x64.ActiveCfg = Release|x64
		{00F05278-9F3F-40B0-B377-64E26B028888}.Release x64|x64.Build.0 = Release|x64
		{00F05278-9F3F-40B0-B377-64E26B028888}.Release x86|x86.ActiveCfg = Release|x86
		{00F05278-9F3F-40B0-B377-64E26B028888}.Release x86|x86.Build.0 = Release|x86
		{8D2440C8-A1CD-47AA-B466-15CDD138D29B}.Debug|Any CPU.ActiveCfg = Debug|Any CPU
		{8D2440C8-A1CD-47AA-B466-15CDD138D29B}.Debug|Any CPU.Build.0 = Debug|Any CPU
		{8D2440C8-A1CD-47AA-B466-15CDD138D29B}.Release|Any CPU.ActiveCfg = Release|Any CPU
		{8D2440C8-A1CD-47AA-B466-15CDD138D29B}.Release|Any CPU.Build.0 = Release|Any CPU
		{8D2440C8-A1CD-47AA-B466-15CDD138D29B}.Debug x64|x64.ActiveCfg = Debug x64|Any CPU
		{8D2440C8-A1CD-47AA-B466-15CDD138D29B}.Debug x64|x64.Build.0 = Debug x64|Any CPU
		{8D2440C8-A1CD-47AA-B466-15CDD138D29B}.Debug x86|x86.ActiveCfg = Debug x86|Any CPU
		{8D2440C8-A1CD-47AA-B466-15CDD138D29B}.Debug x86|x86.Build.0 = Debug x86|Any CPU
		{8D2440C8-A1CD-47AA-B466-15CDD138D29B}.Release x64|x64.ActiveCfg = Release x64|Any CPU
		{8D2440C8-A1CD-47AA-B466-15CDD138D29B}.Release x64|x64.Build.0 = Release x64|Any CPU
		{8D2440C8-A1CD-47AA-B466-15CDD138D29B}.Release x86|x86.ActiveCfg = Release x86|Any CPU
		{8D2440C8-A1CD-47AA-B466-15CDD138D29B}.Release x86|x86.Build.0 = Release x86|Any CPU
	EndGlobalSection
	GlobalSection(NestedProjects) = preSolution
		{00F05278-9F3F-40B0-B377-64E26B028888} = {C173D4A6-157A-4E40-AB96-C4A7BB8499DE}
	EndGlobalSection
EndGlobal
